
Microsoft Visual Studio Solution File, Format Version 12.00
# Visual Studio Version 17
VisualStudioVersion = 17.9.34723.18
MinimumVisualStudioVersion = 10.0.40219.1
Project("{9A19103F-16F7-4668-BE54-9A1E7A4F7556}") = "DAL", "DAL\DAL.csproj", "{AF4EF3D6-5A12-4783-8760-CEDA4F3C85E0}"
EndProject
Project("{9A19103F-16F7-4668-BE54-9A1E7A4F7556}") = "BLL", "BLL\BLL.csproj", "{F2AFFD8D-2848-4391-AA10-606FBA3CCD92}"
EndProject
Project("{FAE04EC0-301F-11D3-BF4B-00C04F79EFBC}") = "Quanlyhieuthuoc", "QuanLyTiemThuoc\Quanlyhieuthuoc.csproj", "{9D9A714C-9DBD-41E0-80C7-80ABB1781E0B}"
EndProject
Global
	GlobalSection(SolutionConfigurationPlatforms) = preSolution
		Debug|Any CPU = Debug|Any CPU
		Release|Any CPU = Release|Any CPU
	EndGlobalSection
	GlobalSection(ProjectConfigurationPlatforms) = postSolution
		{AF4EF3D6-5A12-4783-8760-CEDA4F3C85E0}.Debug|Any CPU.ActiveCfg = Debug|Any CPU
		{AF4EF3D6-5A12-4783-8760-CEDA4F3C85E0}.Debug|Any CPU.Build.0 = Debug|Any CPU
		{AF4EF3D6-5A12-4783-8760-CEDA4F3C85E0}.Release|Any CPU.ActiveCfg = Release|Any CPU
		{AF4EF3D6-5A12-4783-8760-CEDA4F3C85E0}.Release|Any CPU.Build.0 = Release|Any CPU
		{F2AFFD8D-2848-4391-AA10-606FBA3CCD92}.Debug|Any CPU.ActiveCfg = Debug|Any CPU
		{F2AFFD8D-2848-4391-AA10-606FBA3CCD92}.Debug|Any CPU.Build.0 = Debug|Any CPU
		{F2AFFD8D-2848-4391-AA10-606FBA3CCD92}.Release|Any CPU.ActiveCfg = Release|Any CPU
		{F2AFFD8D-2848-4391-AA10-606FBA3CCD92}.Release|Any CPU.Build.0 = Release|Any CPU
		{9D9A714C-9DBD-41E0-80C7-80ABB1781E0B}.Debug|Any CPU.ActiveCfg = Debug|Any CPU
		{9D9A714C-9DBD-41E0-80C7-80ABB1781E0B}.Debug|Any CPU.Build.0 = Debug|Any CPU
		{9D9A714C-9DBD-41E0-80C7-80ABB1781E0B}.Release|Any CPU.ActiveCfg = Release|Any CPU
		{9D9A714C-9DBD-41E0-80C7-80ABB1781E0B}.Release|Any CPU.Build.0 = Release|Any CPU
	EndGlobalSection
	GlobalSection(SolutionProperties) = preSolution
		HideSolutionNode = FALSE
	EndGlobalSection
	GlobalSection(ExtensibilityGlobals) = postSolution
		SolutionGuid = {3C5E6BD2-9F97-4DD5-B349-EB4E1B891873}
	EndGlobalSection
EndGlobal
